# This file is generated by running "yarn install" inside your project.
# Manual changes might be lost - proceed with caution!

__metadata:
  version: 4
  cacheKey: 7

"@types/color-name@npm:^1.1.1":
  version: 1.1.1
  resolution: "@types/color-name@npm:1.1.1"
  checksum: 8311db94a9c4ecd247763b81e783ee49d87678b4ce6a7ee502e2bd5cea242b7357804a04855db009f713174bc654cc0c01c7303d40d757e5d710f5ac0368500f
  languageName: node
  linkType: hard

"@via-profit-services/eslint-config@workspace:.":
  version: 0.0.0-use.local
  resolution: "@via-profit-services/eslint-config@workspace:."
  dependencies:
    chalk: ^4.1.0
    prettier: ^2.1.2
    react: ^16.13.1
    typescript: ^4.0.3
  peerDependencies:
    "@typescript-eslint/eslint-plugin": ^4.2.0
    "@typescript-eslint/parser": ^4.2.0
    eslint: ^7.9.0
    eslint-config-prettier: ^6.11.0
    eslint-config-standard: ^14.1.1
    eslint-import-resolver-node: ^0.3.4
    eslint-import-resolver-webpack: ^0.12.2
    eslint-plugin-import: ^2.22.0
    eslint-plugin-node: ^11.1.0
    eslint-plugin-prettier: ^3.1.4
    eslint-plugin-promise: ^4.2.1
    eslint-plugin-react: ^7.21.2
    eslint-plugin-standard: ^4.0.1
  languageName: unknown
  linkType: soft

"ansi-styles@npm:^4.1.0":
  version: 4.2.1
  resolution: "ansi-styles@npm:4.2.1"
  dependencies:
    "@types/color-name": ^1.1.1
    color-convert: ^2.0.1
  checksum: c8c007d5dab7b4fea064c9ea318114e1f6fc714bb382d061ac09e66bc83c8f3ce12bb6354be01598722c14a5d710af280b7614d269354f80d2535946aefa82f4
  languageName: node
  linkType: hard

"chalk@npm:^4.1.0":
  version: 4.1.0
  resolution: "chalk@npm:4.1.0"
  dependencies:
    ansi-styles: ^4.1.0
    supports-color: ^7.1.0
  checksum: f860285b419f9e925c2db0f45ffa88aa8794c14b80cc5d01ff30930bcfc384996606362706f0829cf557f6d36152a5fb2d227ad63c4bc90e2ec9e9dbed4a3c07
  languageName: node
  linkType: hard

"color-convert@npm:^2.0.1":
  version: 2.0.1
  resolution: "color-convert@npm:2.0.1"
  dependencies:
    color-name: ~1.1.4
  checksum: 3d5d8a011a43012ca11b6d739049ecf2055d95582fd16ec44bf1e685eb0baa5cc652002be8a1dc92b429c8d87418287d0528266a7595cb1ad8a7f4f1d3049df2
  languageName: node
  linkType: hard

"color-name@npm:~1.1.4":
  version: 1.1.4
  resolution: "color-name@npm:1.1.4"
  checksum: 3e1c9a4dee12eada307436f61614dd11fe300469db2b83f80c8b7a7cd8a1015f0f18dd13403f018927b249003777ff60baba4a03c65f12e6bddc0dfd9642021f
  languageName: node
  linkType: hard

"has-flag@npm:^4.0.0":
  version: 4.0.0
  resolution: "has-flag@npm:4.0.0"
  checksum: 2e5391139d3d287231ccb58659702392f6e3abeac3296fb4721afaff46493f3d9b99a9329ae015dfe973aa206ed5c75f43e86aec0267dce79aa5c2b6e811b3ad
  languageName: node
  linkType: hard

"js-tokens@npm:^3.0.0 || ^4.0.0":
  version: 4.0.0
  resolution: "js-tokens@npm:4.0.0"
  checksum: 1fc4e4667ac2d972aba65148b9cbf9c17566b2394d3504238d8492bbd3e68f496c657eab06b26b40b17db5cac0a34d153a12130e2d2d2bb6dc2cdc8a4764eb1b
  languageName: node
  linkType: hard

"loose-envify@npm:^1.1.0, loose-envify@npm:^1.4.0":
  version: 1.4.0
  resolution: "loose-envify@npm:1.4.0"
  dependencies:
    js-tokens: ^3.0.0 || ^4.0.0
  bin:
    loose-envify: cli.js
  checksum: 5c3b47bbe5f597a3889fb001a3a98aaea2a3fafa48089c19034de1e0121bf57dbee609d184478514d74d5c5a7e9cfa3d846343455e5123b060040d46c39e91dc
  languageName: node
  linkType: hard

"object-assign@npm:^4.1.1":
  version: 4.1.1
  resolution: "object-assign@npm:4.1.1"
  checksum: 66cf021898fc1b13ea573ea8635fbd5a76533f50cecbc2fcd5eee1e8029af41bcebe7023788b6d0e06cbe4401ecea075d972f78ec74467cdc571a0f1a4d1a081
  languageName: node
  linkType: hard

"prettier@npm:^2.1.2":
  version: 2.1.2
  resolution: "prettier@npm:2.1.2"
  bin:
    prettier: bin-prettier.js
  checksum: bedc24c568efbcfe45f255558900777e2fabb36bf28ed4c22d2456eb22dfb012d12e566a46472ea5b857a4e9f263e888f7e316527d00bb58188f1820b0b0031a
  languageName: node
  linkType: hard

"prop-types@npm:^15.6.2":
  version: 15.7.2
  resolution: "prop-types@npm:15.7.2"
  dependencies:
    loose-envify: ^1.4.0
    object-assign: ^4.1.1
    react-is: ^16.8.1
  checksum: a440dd406c5cf53bf39f3e898d2c65178511d34ca3c8c789b30c177992408b9e4273969726b274719aa69ccce5ab34b2fd8caa60b90f23cd2e910cdcf682de52
  languageName: node
  linkType: hard

"react-is@npm:^16.8.1":
  version: 16.13.1
  resolution: "react-is@npm:16.13.1"
  checksum: 11bcf1267a314a522615f626f3ce3727a3a24cdbf61c4d452add3550a7875326669631326cfb1ba3e92b6f72244c32ffecf93ad21c0cad8455d3e169d0e3f060
  languageName: node
  linkType: hard

"react@npm:^16.13.1":
  version: 16.13.1
  resolution: "react@npm:16.13.1"
  dependencies:
    loose-envify: ^1.1.0
    object-assign: ^4.1.1
    prop-types: ^15.6.2
  checksum: 13dcc9ba8a7521ecc3d7e69998dbc5703ae9515308d06a94a474ad34b42f1fc109372265e924a8c9b11d20fa1828407c290b8f61617c36734c4ca907ae7e5f45
  languageName: node
  linkType: hard

"supports-color@npm:^7.1.0":
  version: 7.2.0
  resolution: "supports-color@npm:7.2.0"
  dependencies:
    has-flag: ^4.0.0
  checksum: 8e57067c39216f3c2ffce7cc14ca934d54746192571203aa9c9922d97d2d55cc1bdaa9e41a11f91e620670b5a74ebdec6b548a885d8cc2dea7cab59e21416029
  languageName: node
  linkType: hard

typescript@^4.0.3:
  version: 4.0.3
  resolution: "typescript@npm:4.0.3"
  bin:
    tsc: bin/tsc
    tsserver: bin/tsserver
  checksum: 5c892e132756a83d22030d7fb38be47cde27613f71d233dbe7faf79e4a92852c5146bfddcaf8c2da1a37d35ae8bf7b8c888fdcd763d5ad184cea6b21e7466838
  languageName: node
  linkType: hard

"typescript@patch:typescript@^4.0.3#builtin<compat/typescript>":
  version: 4.0.3
  resolution: "typescript@patch:typescript@npm%3A4.0.3#builtin<compat/typescript>::version=4.0.3&hash=a45b0e"
  bin:
    tsc: bin/tsc
    tsserver: bin/tsserver
  checksum: 50be92a771498a19e65dc7f80cc6ff754cb91f44e59b197f6dfd5bb47371c313e7af830cbcd1cd2fa0d104b6ba6a11aabcd7a6fd705091c4758ea11aaae39345
  languageName: node
  linkType: hard
